
Microsoft Visual Studio Solution File, Format Version 12.00
# Visual Studio Version 16
VisualStudioVersion = 16.0.30611.23
MinimumVisualStudioVersion = 10.0.40219.1
Project("{FAE04EC0-301F-11D3-BF4B-00C04F79EFBC}") = "StereoKit_Hackathon", "StereoKit_Hackathon\StereoKit_Hackathon.csproj", "{BE2B3598-1B48-46D7-B4D8-EA49725803AB}"
EndProject
Global
	GlobalSection(SolutionConfigurationPlatforms) = preSolution
		Debug|Any CPU = Debug|Any CPU
		Release|Any CPU = Release|Any CPU
	EndGlobalSection
	GlobalSection(ProjectConfigurationPlatforms) = postSolution
		{BE2B3598-1B48-46D7-B4D8-EA49725803AB}.Debug|Any CPU.ActiveCfg = Debug|Any CPU
		{BE2B3598-1B48-46D7-B4D8-EA49725803AB}.Debug|Any CPU.Build.0 = Debug|Any CPU
		{BE2B3598-1B48-46D7-B4D8-EA49725803AB}.Release|Any CPU.ActiveCfg = Release|Any CPU
		{BE2B3598-1B48-46D7-B4D8-EA49725803AB}.Release|Any CPU.Build.0 = Release|Any CPU
	EndGlobalSection
	GlobalSection(SolutionProperties) = preSolution
		HideSolutionNode = FALSE
	EndGlobalSection
	GlobalSection(ExtensibilityGlobals) = postSolution
		SolutionGuid = {2D40E493-3F58-4B06-8BAF-CE081E5C1F44}
	EndGlobalSection
EndGlobal
